
Microsoft Visual Studio Solution File, Format Version 12.00
# Visual Studio Version 17
VisualStudioVersion = 17.10.35013.160
MinimumVisualStudioVersion = 10.0.40219.1
Project("{FAE04EC0-301F-11D3-BF4B-00C04F79EFBC}") = "WindowsFormsApp1", "WindowsFormsApp1.csproj", "{5B585089-F3B6-449C-8F06-37BC3DA276C4}"
EndProject
Global
	GlobalSection(SolutionConfigurationPlatforms) = preSolution
		Debug|Any CPU = Debug|Any CPU
		Release|Any CPU = Release|Any CPU
	EndGlobalSection
	GlobalSection(ProjectConfigurationPlatforms) = postSolution
		{5B585089-F3B6-449C-8F06-37BC3DA276C4}.Debug|Any CPU.ActiveCfg = Debug|Any CPU
		{5B585089-F3B6-449C-8F06-37BC3DA276C4}.Debug|Any CPU.Build.0 = Debug|Any CPU
		{5B585089-F3B6-449C-8F06-37BC3DA276C4}.Release|Any CPU.ActiveCfg = Release|Any CPU
		{5B585089-F3B6-449C-8F06-37BC3DA276C4}.Release|Any CPU.Build.0 = Release|Any CPU
	EndGlobalSection
	GlobalSection(SolutionProperties) = preSolution
		HideSolutionNode = FALSE
	EndGlobalSection
	GlobalSection(ExtensibilityGlobals) = postSolution
		SolutionGuid = {5B134443-4783-4D7B-B7A0-327C94604C8C}
	EndGlobalSection
EndGlobal
